{
  "name": "kinship",
  "lockfileVersion": 3,
  "requires": true,
  "packages": {
    "": {
      "name": "kinship",
      "dependencies": {
        "@nuxt/ui": "file:local-packages/nuxt-ui",
        "nuxt": "file:local-packages/nuxt"
      }
    },
    "local-packages/nuxt": {
      "version": "3.13.0",
      "bin": {
        "nuxt": "bin/nuxt.js"
      }
    },
    "local-packages/nuxt-ui": {
      "name": "@nuxt/ui",
      "version": "2.17.0"
    },
    "node_modules/@nuxt/ui": {
      "resolved": "local-packages/nuxt-ui",
      "link": true
    },
    "node_modules/nuxt": {
      "resolved": "local-packages/nuxt",
      "link": true
    }
  }
}
